
Microsoft Visual Studio Solution File, Format Version 12.00
# Visual Studio 15
VisualStudioVersion = 15.0.27004.2006
MinimumVisualStudioVersion = 10.0.40219.1
Project("{9A19103F-16F7-4668-BE54-9A1E7A4F7556}") = "Kartel.Core", "shared\Kartel.Core\Kartel.Core.csproj", "{B298CDD9-861A-4FF4-B6A3-23F16C819C80}"
EndProject
Project("{9A19103F-16F7-4668-BE54-9A1E7A4F7556}") = "Zoopla.ApiClient", "shared\Zoopla.ApiClient\Zoopla.ApiClient.csproj", "{0EDC085F-6B2F-4A19-9AA1-5592ECD89C08}"
EndProject
Project("{2150E333-8FDC-42A3-9474-1A3956D46DE8}") = "API Clients", "API Clients", "{EC185F8A-BE84-4264-A9AD-39047E0B7AA7}"
EndProject
Project("{2150E333-8FDC-42A3-9474-1A3956D46DE8}") = "Web", "Web", "{661382E5-FA86-40AF-A491-B36607BCE9E4}"
EndProject
Project("{2150E333-8FDC-42A3-9474-1A3956D46DE8}") = "Domain", "Domain", "{F451C599-5BFF-4514-B35F-FCE48DE7A7EA}"
EndProject
Project("{2150E333-8FDC-42A3-9474-1A3956D46DE8}") = "Services", "Services", "{3AA5F16B-1699-4507-B910-2F663C6DC607}"
EndProject
Project("{FAE04EC0-301F-11D3-BF4B-00C04F79EFBC}") = "Kartel.PropertyMarket.ZooplaApi", "services\Kartel.PropertyMarket.ZooplaApi\Kartel.PropertyMarket.ZooplaApi.csproj", "{4E98D4B3-E096-45A0-A015-D7F8933AF517}"
EndProject
Project("{FAE04EC0-301F-11D3-BF4B-00C04F79EFBC}") = "Kartel.Web", "web\Kartel.Web\Kartel.Web.csproj", "{60F8939F-7AB2-4922-9BE4-0801839CCD40}"
EndProject
Project("{FAE04EC0-301F-11D3-BF4B-00C04F79EFBC}") = "Kartel.Api", "web\Kartel.Api\Kartel.Api.csproj", "{CD24D5DC-E5CD-4813-A375-0B3D86188788}"
EndProject
Project("{FAE04EC0-301F-11D3-BF4B-00C04F79EFBC}") = "Kartel.Logistics.Osm", "services\Kartel.Logistics.Osm\Kartel.Logistics.Osm.csproj", "{F4FDA2B8-92BD-4358-B4B0-3B65B88F740F}"
EndProject
Project("{FAE04EC0-301F-11D3-BF4B-00C04F79EFBC}") = "Kartel.Logistics.Bing", "services\Kartel.Logistics.Bing\Kartel.Logistics.Bing.csproj", "{FC1CB754-EE1B-4215-ABFB-C97329A79BC9}"
EndProject
Project("{FAE04EC0-301F-11D3-BF4B-00C04F79EFBC}") = "Kartel.ServiceBase.Client", "shared\Kartel.ServiceBase.Client\Kartel.ServiceBase.Client.csproj", "{0FB61EF0-99A1-47A2-A18E-81563614511E}"
EndProject
Project("{FAE04EC0-301F-11D3-BF4B-00C04F79EFBC}") = "Kartel.Geocoding.Bing", "services\Kartel.Geocoding.Bing\Kartel.Geocoding.Bing.csproj", "{799C086D-EBDD-4F9A-8166-326073595453}"
EndProject
Project("{FAE04EC0-301F-11D3-BF4B-00C04F79EFBC}") = "Kartel.ServiceBase", "shared\Kartel.ServiceBase\Kartel.ServiceBase.csproj", "{FB63675C-9802-446D-A614-22BCA20E1457}"
EndProject
Project("{2150E333-8FDC-42A3-9474-1A3956D46DE8}") = "Shared", "Shared", "{80CDFE97-9482-4F06-9BE9-F7E3515F50D3}"
EndProject
Project("{FAE04EC0-301F-11D3-BF4B-00C04F79EFBC}") = "Kartel.Core.Tests", "test\Kartel.Core.Tests\Kartel.Core.Tests.csproj", "{25E8D425-3D4C-4439-8B48-B6E1F7F20D81}"
EndProject
Project("{FAE04EC0-301F-11D3-BF4B-00C04F79EFBC}") = "Kartel.Api.Interfaces", "web\Kartel.Api.Interfaces\Kartel.Api.Interfaces.csproj", "{32C8D9DF-F313-4616-8A18-71E297FEA2C5}"
EndProject
Project("{2150E333-8FDC-42A3-9474-1A3956D46DE8}") = "Scrapers", "Scrapers", "{2022290C-FA43-48F9-BA76-26996972490A}"
EndProject
Project("{FAE04EC0-301F-11D3-BF4B-00C04F79EFBC}") = "Zoopla.Scraping", "shared\Zoopla.Scraping\Zoopla.Scraping.csproj", "{FC987EE6-FBDA-484D-B0BE-7A794778EC10}"
EndProject
Project("{2150E333-8FDC-42A3-9474-1A3956D46DE8}") = "Tests", "Tests", "{781B5605-89DB-474D-8405-6222506ED7D8}"
EndProject
Project("{FAE04EC0-301F-11D3-BF4B-00C04F79EFBC}") = "Zoopla.Scraping.Tests", "test\Zoopla.Scraping.Tests\Zoopla.Scraping.Tests.csproj", "{4526B7A3-AC4A-4D00-90CD-F3E1F8D4EC5E}"
EndProject
Project("{FAE04EC0-301F-11D3-BF4B-00C04F79EFBC}") = "Kartel.PropertyMarket.ZooplaWeb", "services\Kartel.PropertyMarket.ZooplaWeb\Kartel.PropertyMarket.ZooplaWeb.csproj", "{34A5446D-C073-4FD7-8562-78B603B55C4F}"
EndProject
Project("{FAE04EC0-301F-11D3-BF4B-00C04F79EFBC}") = "Kartel.Logging", "shared\Kartel.Logging\Kartel.Logging.csproj", "{AE23CCC2-B7E8-4AEF-B710-3290066F15DC}"
EndProject
Project("{2150E333-8FDC-42A3-9474-1A3956D46DE8}") = "Solution Items", "Solution Items", "{D45E47AF-2A59-4282-93BB-0BCDEFB0B347}"
	ProjectSection(SolutionItems) = preProject
		.gitattributes = .gitattributes
		.gitignore = .gitignore
		docker-compose.yaml = docker-compose.yaml
		README.md = README.md
	EndProjectSection
EndProject
Project("{FAE04EC0-301F-11D3-BF4B-00C04F79EFBC}") = "Kartel.Configuration", "shared\Kartel.Configuration\Kartel.Configuration.csproj", "{A5792896-39A3-4670-ACE2-4A6E96304D87}"
EndProject
Project("{FAE04EC0-301F-11D3-BF4B-00C04F79EFBC}") = "Kartel.MessagePack", "shared\Kartel.MessagePack\Kartel.MessagePack.csproj", "{596D2B71-FF86-4929-B191-71699D32109E}"
EndProject
Project("{FAE04EC0-301F-11D3-BF4B-00C04F79EFBC}") = "Kartel.MessagePack.Tests", "test\Kartel.MessagePack.Tests\Kartel.MessagePack.Tests.csproj", "{0FAC8317-A305-4FBD-8DA2-EE8C4E6EB9BB}"
EndProject
Project("{FAE04EC0-301F-11D3-BF4B-00C04F79EFBC}") = "Kartel.Testing", "shared\Kartel.Testing\Kartel.Testing.csproj", "{B62E77DF-0840-4797-84A6-610920367186}"
EndProject
Project("{FAE04EC0-301F-11D3-BF4B-00C04F79EFBC}") = "Kartel.Locale.Bing", "services\Kartel.Locale.Bing\Kartel.Locale.Bing.csproj", "{506B4A67-A8E8-4562-A7F4-63B5AAC83059}"
EndProject
Global
	GlobalSection(SolutionConfigurationPlatforms) = preSolution
		Debug|Any CPU = Debug|Any CPU
		Debug|x64 = Debug|x64
		Debug|x86 = Debug|x86
		Release|Any CPU = Release|Any CPU
		Release|x64 = Release|x64
		Release|x86 = Release|x86
	EndGlobalSection
	GlobalSection(ProjectConfigurationPlatforms) = postSolution
		{B298CDD9-861A-4FF4-B6A3-23F16C819C80}.Debug|Any CPU.ActiveCfg = Debug|Any CPU
		{B298CDD9-861A-4FF4-B6A3-23F16C819C80}.Debug|Any CPU.Build.0 = Debug|Any CPU
		{B298CDD9-861A-4FF4-B6A3-23F16C819C80}.Debug|x64.ActiveCfg = Debug|Any CPU
		{B298CDD9-861A-4FF4-B6A3-23F16C819C80}.Debug|x64.Build.0 = Debug|Any CPU
		{B298CDD9-861A-4FF4-B6A3-23F16C819C80}.Debug|x86.ActiveCfg = Debug|Any CPU
		{B298CDD9-861A-4FF4-B6A3-23F16C819C80}.Debug|x86.Build.0 = Debug|Any CPU
		{B298CDD9-861A-4FF4-B6A3-23F16C819C80}.Release|Any CPU.ActiveCfg = Release|Any CPU
		{B298CDD9-861A-4FF4-B6A3-23F16C819C80}.Release|Any CPU.Build.0 = Release|Any CPU
		{B298CDD9-861A-4FF4-B6A3-23F16C819C80}.Release|x64.ActiveCfg = Release|Any CPU
		{B298CDD9-861A-4FF4-B6A3-23F16C819C80}.Release|x64.Build.0 = Release|Any CPU
		{B298CDD9-861A-4FF4-B6A3-23F16C819C80}.Release|x86.ActiveCfg = Release|Any CPU
		{B298CDD9-861A-4FF4-B6A3-23F16C819C80}.Release|x86.Build.0 = Release|Any CPU
		{0EDC085F-6B2F-4A19-9AA1-5592ECD89C08}.Debug|Any CPU.ActiveCfg = Debug|Any CPU
		{0EDC085F-6B2F-4A19-9AA1-5592ECD89C08}.Debug|Any CPU.Build.0 = Debug|Any CPU
		{0EDC085F-6B2F-4A19-9AA1-5592ECD89C08}.Debug|x64.ActiveCfg = Debug|Any CPU
		{0EDC085F-6B2F-4A19-9AA1-5592ECD89C08}.Debug|x64.Build.0 = Debug|Any CPU
		{0EDC085F-6B2F-4A19-9AA1-5592ECD89C08}.Debug|x86.ActiveCfg = Debug|Any CPU
		{0EDC085F-6B2F-4A19-9AA1-5592ECD89C08}.Debug|x86.Build.0 = Debug|Any CPU
		{0EDC085F-6B2F-4A19-9AA1-5592ECD89C08}.Release|Any CPU.ActiveCfg = Release|Any CPU
		{0EDC085F-6B2F-4A19-9AA1-5592ECD89C08}.Release|Any CPU.Build.0 = Release|Any CPU
		{0EDC085F-6B2F-4A19-9AA1-5592ECD89C08}.Release|x64.ActiveCfg = Release|Any CPU
		{0EDC085F-6B2F-4A19-9AA1-5592ECD89C08}.Release|x64.Build.0 = Release|Any CPU
		{0EDC085F-6B2F-4A19-9AA1-5592ECD89C08}.Release|x86.ActiveCfg = Release|Any CPU
		{0EDC085F-6B2F-4A19-9AA1-5592ECD89C08}.Release|x86.Build.0 = Release|Any CPU
		{4E98D4B3-E096-45A0-A015-D7F8933AF517}.Debug|Any CPU.ActiveCfg = Debug|Any CPU
		{4E98D4B3-E096-45A0-A015-D7F8933AF517}.Debug|Any CPU.Build.0 = Debug|Any CPU
		{4E98D4B3-E096-45A0-A015-D7F8933AF517}.Debug|x64.ActiveCfg = Debug|Any CPU
		{4E98D4B3-E096-45A0-A015-D7F8933AF517}.Debug|x64.Build.0 = Debug|Any CPU
		{4E98D4B3-E096-45A0-A015-D7F8933AF517}.Debug|x86.ActiveCfg = Debug|Any CPU
		{4E98D4B3-E096-45A0-A015-D7F8933AF517}.Debug|x86.Build.0 = Debug|Any CPU
		{4E98D4B3-E096-45A0-A015-D7F8933AF517}.Release|Any CPU.ActiveCfg = Release|Any CPU
		{4E98D4B3-E096-45A0-A015-D7F8933AF517}.Release|Any CPU.Build.0 = Release|Any CPU
		{4E98D4B3-E096-45A0-A015-D7F8933AF517}.Release|x64.ActiveCfg = Release|Any CPU
		{4E98D4B3-E096-45A0-A015-D7F8933AF517}.Release|x64.Build.0 = Release|Any CPU
		{4E98D4B3-E096-45A0-A015-D7F8933AF517}.Release|x86.ActiveCfg = Release|Any CPU
		{4E98D4B3-E096-45A0-A015-D7F8933AF517}.Release|x86.Build.0 = Release|Any CPU
		{60F8939F-7AB2-4922-9BE4-0801839CCD40}.Debug|Any CPU.ActiveCfg = Debug|Any CPU
		{60F8939F-7AB2-4922-9BE4-0801839CCD40}.Debug|Any CPU.Build.0 = Debug|Any CPU
		{60F8939F-7AB2-4922-9BE4-0801839CCD40}.Debug|x64.ActiveCfg = Debug|Any CPU
		{60F8939F-7AB2-4922-9BE4-0801839CCD40}.Debug|x64.Build.0 = Debug|Any CPU
		{60F8939F-7AB2-4922-9BE4-0801839CCD40}.Debug|x86.ActiveCfg = Debug|Any CPU
		{60F8939F-7AB2-4922-9BE4-0801839CCD40}.Debug|x86.Build.0 = Debug|Any CPU
		{60F8939F-7AB2-4922-9BE4-0801839CCD40}.Release|Any CPU.ActiveCfg = Release|Any CPU
		{60F8939F-7AB2-4922-9BE4-0801839CCD40}.Release|Any CPU.Build.0 = Release|Any CPU
		{60F8939F-7AB2-4922-9BE4-0801839CCD40}.Release|x64.ActiveCfg = Release|Any CPU
		{60F8939F-7AB2-4922-9BE4-0801839CCD40}.Release|x64.Build.0 = Release|Any CPU
		{60F8939F-7AB2-4922-9BE4-0801839CCD40}.Release|x86.ActiveCfg = Release|Any CPU
		{60F8939F-7AB2-4922-9BE4-0801839CCD40}.Release|x86.Build.0 = Release|Any CPU
		{CD24D5DC-E5CD-4813-A375-0B3D86188788}.Debug|Any CPU.ActiveCfg = Debug|Any CPU
		{CD24D5DC-E5CD-4813-A375-0B3D86188788}.Debug|Any CPU.Build.0 = Debug|Any CPU
		{CD24D5DC-E5CD-4813-A375-0B3D86188788}.Debug|x64.ActiveCfg = Debug|Any CPU
		{CD24D5DC-E5CD-4813-A375-0B3D86188788}.Debug|x64.Build.0 = Debug|Any CPU
		{CD24D5DC-E5CD-4813-A375-0B3D86188788}.Debug|x86.ActiveCfg = Debug|Any CPU
		{CD24D5DC-E5CD-4813-A375-0B3D86188788}.Debug|x86.Build.0 = Debug|Any CPU
		{CD24D5DC-E5CD-4813-A375-0B3D86188788}.Release|Any CPU.ActiveCfg = Release|Any CPU
		{CD24D5DC-E5CD-4813-A375-0B3D86188788}.Release|Any CPU.Build.0 = Release|Any CPU
		{CD24D5DC-E5CD-4813-A375-0B3D86188788}.Release|x64.ActiveCfg = Release|Any CPU
		{CD24D5DC-E5CD-4813-A375-0B3D86188788}.Release|x64.Build.0 = Release|Any CPU
		{CD24D5DC-E5CD-4813-A375-0B3D86188788}.Release|x86.ActiveCfg = Release|Any CPU
		{CD24D5DC-E5CD-4813-A375-0B3D86188788}.Release|x86.Build.0 = Release|Any CPU
		{F4FDA2B8-92BD-4358-B4B0-3B65B88F740F}.Debug|Any CPU.ActiveCfg = Debug|Any CPU
		{F4FDA2B8-92BD-4358-B4B0-3B65B88F740F}.Debug|Any CPU.Build.0 = Debug|Any CPU
		{F4FDA2B8-92BD-4358-B4B0-3B65B88F740F}.Debug|x64.ActiveCfg = Debug|Any CPU
		{F4FDA2B8-92BD-4358-B4B0-3B65B88F740F}.Debug|x64.Build.0 = Debug|Any CPU
		{F4FDA2B8-92BD-4358-B4B0-3B65B88F740F}.Debug|x86.ActiveCfg = Debug|Any CPU
		{F4FDA2B8-92BD-4358-B4B0-3B65B88F740F}.Debug|x86.Build.0 = Debug|Any CPU
		{F4FDA2B8-92BD-4358-B4B0-3B65B88F740F}.Release|Any CPU.ActiveCfg = Release|Any CPU
		{F4FDA2B8-92BD-4358-B4B0-3B65B88F740F}.Release|Any CPU.Build.0 = Release|Any CPU
		{F4FDA2B8-92BD-4358-B4B0-3B65B88F740F}.Release|x64.ActiveCfg = Release|Any CPU
		{F4FDA2B8-92BD-4358-B4B0-3B65B88F740F}.Release|x64.Build.0 = Release|Any CPU
		{F4FDA2B8-92BD-4358-B4B0-3B65B88F740F}.Release|x86.ActiveCfg = Release|Any CPU
		{F4FDA2B8-92BD-4358-B4B0-3B65B88F740F}.Release|x86.Build.0 = Release|Any CPU
		{FC1CB754-EE1B-4215-ABFB-C97329A79BC9}.Debug|Any CPU.ActiveCfg = Debug|Any CPU
		{FC1CB754-EE1B-4215-ABFB-C97329A79BC9}.Debug|Any CPU.Build.0 = Debug|Any CPU
		{FC1CB754-EE1B-4215-ABFB-C97329A79BC9}.Debug|x64.ActiveCfg = Debug|Any CPU
		{FC1CB754-EE1B-4215-ABFB-C97329A79BC9}.Debug|x64.Build.0 = Debug|Any CPU
		{FC1CB754-EE1B-4215-ABFB-C97329A79BC9}.Debug|x86.ActiveCfg = Debug|Any CPU
		{FC1CB754-EE1B-4215-ABFB-C97329A79BC9}.Debug|x86.Build.0 = Debug|Any CPU
		{FC1CB754-EE1B-4215-ABFB-C97329A79BC9}.Release|Any CPU.ActiveCfg = Release|Any CPU
		{FC1CB754-EE1B-4215-ABFB-C97329A79BC9}.Release|Any CPU.Build.0 = Release|Any CPU
		{FC1CB754-EE1B-4215-ABFB-C97329A79BC9}.Release|x64.ActiveCfg = Release|Any CPU
		{FC1CB754-EE1B-4215-ABFB-C97329A79BC9}.Release|x64.Build.0 = Release|Any CPU
		{FC1CB754-EE1B-4215-ABFB-C97329A79BC9}.Release|x86.ActiveCfg = Release|Any CPU
		{FC1CB754-EE1B-4215-ABFB-C97329A79BC9}.Release|x86.Build.0 = Release|Any CPU
		{0FB61EF0-99A1-47A2-A18E-81563614511E}.Debug|Any CPU.ActiveCfg = Debug|Any CPU
		{0FB61EF0-99A1-47A2-A18E-81563614511E}.Debug|Any CPU.Build.0 = Debug|Any CPU
		{0FB61EF0-99A1-47A2-A18E-81563614511E}.Debug|x64.ActiveCfg = Debug|Any CPU
		{0FB61EF0-99A1-47A2-A18E-81563614511E}.Debug|x64.Build.0 = Debug|Any CPU
		{0FB61EF0-99A1-47A2-A18E-81563614511E}.Debug|x86.ActiveCfg = Debug|Any CPU
		{0FB61EF0-99A1-47A2-A18E-81563614511E}.Debug|x86.Build.0 = Debug|Any CPU
		{0FB61EF0-99A1-47A2-A18E-81563614511E}.Release|Any CPU.ActiveCfg = Release|Any CPU
		{0FB61EF0-99A1-47A2-A18E-81563614511E}.Release|Any CPU.Build.0 = Release|Any CPU
		{0FB61EF0-99A1-47A2-A18E-81563614511E}.Release|x64.ActiveCfg = Release|Any CPU
		{0FB61EF0-99A1-47A2-A18E-81563614511E}.Release|x64.Build.0 = Release|Any CPU
		{0FB61EF0-99A1-47A2-A18E-81563614511E}.Release|x86.ActiveCfg = Release|Any CPU
		{0FB61EF0-99A1-47A2-A18E-81563614511E}.Release|x86.Build.0 = Release|Any CPU
		{799C086D-EBDD-4F9A-8166-326073595453}.Debug|Any CPU.ActiveCfg = Debug|Any CPU
		{799C086D-EBDD-4F9A-8166-326073595453}.Debug|Any CPU.Build.0 = Debug|Any CPU
		{799C086D-EBDD-4F9A-8166-326073595453}.Debug|x64.ActiveCfg = Debug|Any CPU
		{799C086D-EBDD-4F9A-8166-326073595453}.Debug|x64.Build.0 = Debug|Any CPU
		{799C086D-EBDD-4F9A-8166-326073595453}.Debug|x86.ActiveCfg = Debug|Any CPU
		{799C086D-EBDD-4F9A-8166-326073595453}.Debug|x86.Build.0 = Debug|Any CPU
		{799C086D-EBDD-4F9A-8166-326073595453}.Release|Any CPU.ActiveCfg = Release|Any CPU
		{799C086D-EBDD-4F9A-8166-326073595453}.Release|Any CPU.Build.0 = Release|Any CPU
		{799C086D-EBDD-4F9A-8166-326073595453}.Release|x64.ActiveCfg = Release|Any CPU
		{799C086D-EBDD-4F9A-8166-326073595453}.Release|x64.Build.0 = Release|Any CPU
		{799C086D-EBDD-4F9A-8166-326073595453}.Release|x86.ActiveCfg = Release|Any CPU
		{799C086D-EBDD-4F9A-8166-326073595453}.Release|x86.Build.0 = Release|Any CPU
		{FB63675C-9802-446D-A614-22BCA20E1457}.Debug|Any CPU.ActiveCfg = Debug|Any CPU
		{FB63675C-9802-446D-A614-22BCA20E1457}.Debug|Any CPU.Build.0 = Debug|Any CPU
		{FB63675C-9802-446D-A614-22BCA20E1457}.Debug|x64.ActiveCfg = Debug|Any CPU
		{FB63675C-9802-446D-A614-22BCA20E1457}.Debug|x64.Build.0 = Debug|Any CPU
		{FB63675C-9802-446D-A614-22BCA20E1457}.Debug|x86.ActiveCfg = Debug|Any CPU
		{FB63675C-9802-446D-A614-22BCA20E1457}.Debug|x86.Build.0 = Debug|Any CPU
		{FB63675C-9802-446D-A614-22BCA20E1457}.Release|Any CPU.ActiveCfg = Release|Any CPU
		{FB63675C-9802-446D-A614-22BCA20E1457}.Release|Any CPU.Build.0 = Release|Any CPU
		{FB63675C-9802-446D-A614-22BCA20E1457}.Release|x64.ActiveCfg = Release|Any CPU
		{FB63675C-9802-446D-A614-22BCA20E1457}.Release|x64.Build.0 = Release|Any CPU
		{FB63675C-9802-446D-A614-22BCA20E1457}.Release|x86.ActiveCfg = Release|Any CPU
		{FB63675C-9802-446D-A614-22BCA20E1457}.Release|x86.Build.0 = Release|Any CPU
		{25E8D425-3D4C-4439-8B48-B6E1F7F20D81}.Debug|Any CPU.ActiveCfg = Debug|Any CPU
		{25E8D425-3D4C-4439-8B48-B6E1F7F20D81}.Debug|Any CPU.Build.0 = Debug|Any CPU
		{25E8D425-3D4C-4439-8B48-B6E1F7F20D81}.Debug|x64.ActiveCfg = Debug|Any CPU
		{25E8D425-3D4C-4439-8B48-B6E1F7F20D81}.Debug|x64.Build.0 = Debug|Any CPU
		{25E8D425-3D4C-4439-8B48-B6E1F7F20D81}.Debug|x86.ActiveCfg = Debug|Any CPU
		{25E8D425-3D4C-4439-8B48-B6E1F7F20D81}.Debug|x86.Build.0 = Debug|Any CPU
		{25E8D425-3D4C-4439-8B48-B6E1F7F20D81}.Release|Any CPU.ActiveCfg = Release|Any CPU
		{25E8D425-3D4C-4439-8B48-B6E1F7F20D81}.Release|Any CPU.Build.0 = Release|Any CPU
		{25E8D425-3D4C-4439-8B48-B6E1F7F20D81}.Release|x64.ActiveCfg = Release|Any CPU
		{25E8D425-3D4C-4439-8B48-B6E1F7F20D81}.Release|x64.Build.0 = Release|Any CPU
		{25E8D425-3D4C-4439-8B48-B6E1F7F20D81}.Release|x86.ActiveCfg = Release|Any CPU
		{25E8D425-3D4C-4439-8B48-B6E1F7F20D81}.Release|x86.Build.0 = Release|Any CPU
		{32C8D9DF-F313-4616-8A18-71E297FEA2C5}.Debug|Any CPU.ActiveCfg = Debug|Any CPU
		{32C8D9DF-F313-4616-8A18-71E297FEA2C5}.Debug|Any CPU.Build.0 = Debug|Any CPU
		{32C8D9DF-F313-4616-8A18-71E297FEA2C5}.Debug|x64.ActiveCfg = Debug|Any CPU
		{32C8D9DF-F313-4616-8A18-71E297FEA2C5}.Debug|x64.Build.0 = Debug|Any CPU
		{32C8D9DF-F313-4616-8A18-71E297FEA2C5}.Debug|x86.ActiveCfg = Debug|Any CPU
		{32C8D9DF-F313-4616-8A18-71E297FEA2C5}.Debug|x86.Build.0 = Debug|Any CPU
		{32C8D9DF-F313-4616-8A18-71E297FEA2C5}.Release|Any CPU.ActiveCfg = Release|Any CPU
		{32C8D9DF-F313-4616-8A18-71E297FEA2C5}.Release|Any CPU.Build.0 = Release|Any CPU
		{32C8D9DF-F313-4616-8A18-71E297FEA2C5}.Release|x64.ActiveCfg = Release|Any CPU
		{32C8D9DF-F313-4616-8A18-71E297FEA2C5}.Release|x64.Build.0 = Release|Any CPU
		{32C8D9DF-F313-4616-8A18-71E297FEA2C5}.Release|x86.ActiveCfg = Release|Any CPU
		{32C8D9DF-F313-4616-8A18-71E297FEA2C5}.Release|x86.Build.0 = Release|Any CPU
		{FC987EE6-FBDA-484D-B0BE-7A794778EC10}.Debug|Any CPU.ActiveCfg = Debug|Any CPU
		{FC987EE6-FBDA-484D-B0BE-7A794778EC10}.Debug|Any CPU.Build.0 = Debug|Any CPU
		{FC987EE6-FBDA-484D-B0BE-7A794778EC10}.Debug|x64.ActiveCfg = Debug|Any CPU
		{FC987EE6-FBDA-484D-B0BE-7A794778EC10}.Debug|x64.Build.0 = Debug|Any CPU
		{FC987EE6-FBDA-484D-B0BE-7A794778EC10}.Debug|x86.ActiveCfg = Debug|Any CPU
		{FC987EE6-FBDA-484D-B0BE-7A794778EC10}.Debug|x86.Build.0 = Debug|Any CPU
		{FC987EE6-FBDA-484D-B0BE-7A794778EC10}.Release|Any CPU.ActiveCfg = Release|Any CPU
		{FC987EE6-FBDA-484D-B0BE-7A794778EC10}.Release|Any CPU.Build.0 = Release|Any CPU
		{FC987EE6-FBDA-484D-B0BE-7A794778EC10}.Release|x64.ActiveCfg = Release|Any CPU
		{FC987EE6-FBDA-484D-B0BE-7A794778EC10}.Release|x64.Build.0 = Release|Any CPU
		{FC987EE6-FBDA-484D-B0BE-7A794778EC10}.Release|x86.ActiveCfg = Release|Any CPU
		{FC987EE6-FBDA-484D-B0BE-7A794778EC10}.Release|x86.Build.0 = Release|Any CPU
		{4526B7A3-AC4A-4D00-90CD-F3E1F8D4EC5E}.Debug|Any CPU.ActiveCfg = Debug|Any CPU
		{4526B7A3-AC4A-4D00-90CD-F3E1F8D4EC5E}.Debug|Any CPU.Build.0 = Debug|Any CPU
		{4526B7A3-AC4A-4D00-90CD-F3E1F8D4EC5E}.Debug|x64.ActiveCfg = Debug|Any CPU
		{4526B7A3-AC4A-4D00-90CD-F3E1F8D4EC5E}.Debug|x64.Build.0 = Debug|Any CPU
		{4526B7A3-AC4A-4D00-90CD-F3E1F8D4EC5E}.Debug|x86.ActiveCfg = Debug|Any CPU
		{4526B7A3-AC4A-4D00-90CD-F3E1F8D4EC5E}.Debug|x86.Build.0 = Debug|Any CPU
		{4526B7A3-AC4A-4D00-90CD-F3E1F8D4EC5E}.Release|Any CPU.ActiveCfg = Release|Any CPU
		{4526B7A3-AC4A-4D00-90CD-F3E1F8D4EC5E}.Release|Any CPU.Build.0 = Release|Any CPU
		{4526B7A3-AC4A-4D00-90CD-F3E1F8D4EC5E}.Release|x64.ActiveCfg = Release|Any CPU
		{4526B7A3-AC4A-4D00-90CD-F3E1F8D4EC5E}.Release|x64.Build.0 = Release|Any CPU
		{4526B7A3-AC4A-4D00-90CD-F3E1F8D4EC5E}.Release|x86.ActiveCfg = Release|Any CPU
		{4526B7A3-AC4A-4D00-90CD-F3E1F8D4EC5E}.Release|x86.Build.0 = Release|Any CPU
		{34A5446D-C073-4FD7-8562-78B603B55C4F}.Debug|Any CPU.ActiveCfg = Debug|Any CPU
		{34A5446D-C073-4FD7-8562-78B603B55C4F}.Debug|Any CPU.Build.0 = Debug|Any CPU
		{34A5446D-C073-4FD7-8562-78B603B55C4F}.Debug|x64.ActiveCfg = Debug|Any CPU
		{34A5446D-C073-4FD7-8562-78B603B55C4F}.Debug|x64.Build.0 = Debug|Any CPU
		{34A5446D-C073-4FD7-8562-78B603B55C4F}.Debug|x86.ActiveCfg = Debug|Any CPU
		{34A5446D-C073-4FD7-8562-78B603B55C4F}.Debug|x86.Build.0 = Debug|Any CPU
		{34A5446D-C073-4FD7-8562-78B603B55C4F}.Release|Any CPU.ActiveCfg = Release|Any CPU
		{34A5446D-C073-4FD7-8562-78B603B55C4F}.Release|Any CPU.Build.0 = Release|Any CPU
		{34A5446D-C073-4FD7-8562-78B603B55C4F}.Release|x64.ActiveCfg = Release|Any CPU
		{34A5446D-C073-4FD7-8562-78B603B55C4F}.Release|x64.Build.0 = Release|Any CPU
		{34A5446D-C073-4FD7-8562-78B603B55C4F}.Release|x86.ActiveCfg = Release|Any CPU
		{34A5446D-C073-4FD7-8562-78B603B55C4F}.Release|x86.Build.0 = Release|Any CPU
		{AE23CCC2-B7E8-4AEF-B710-3290066F15DC}.Debug|Any CPU.ActiveCfg = Debug|Any CPU
		{AE23CCC2-B7E8-4AEF-B710-3290066F15DC}.Debug|Any CPU.Build.0 = Debug|Any CPU
		{AE23CCC2-B7E8-4AEF-B710-3290066F15DC}.Debug|x64.ActiveCfg = Debug|Any CPU
		{AE23CCC2-B7E8-4AEF-B710-3290066F15DC}.Debug|x64.Build.0 = Debug|Any CPU
		{AE23CCC2-B7E8-4AEF-B710-3290066F15DC}.Debug|x86.ActiveCfg = Debug|Any CPU
		{AE23CCC2-B7E8-4AEF-B710-3290066F15DC}.Debug|x86.Build.0 = Debug|Any CPU
		{AE23CCC2-B7E8-4AEF-B710-3290066F15DC}.Release|Any CPU.ActiveCfg = Release|Any CPU
		{AE23CCC2-B7E8-4AEF-B710-3290066F15DC}.Release|Any CPU.Build.0 = Release|Any CPU
		{AE23CCC2-B7E8-4AEF-B710-3290066F15DC}.Release|x64.ActiveCfg = Release|Any CPU
		{AE23CCC2-B7E8-4AEF-B710-3290066F15DC}.Release|x64.Build.0 = Release|Any CPU
		{AE23CCC2-B7E8-4AEF-B710-3290066F15DC}.Release|x86.ActiveCfg = Release|Any CPU
		{AE23CCC2-B7E8-4AEF-B710-3290066F15DC}.Release|x86.Build.0 = Release|Any CPU
		{A5792896-39A3-4670-ACE2-4A6E96304D87}.Debug|Any CPU.ActiveCfg = Debug|Any CPU
		{A5792896-39A3-4670-ACE2-4A6E96304D87}.Debug|Any CPU.Build.0 = Debug|Any CPU
		{A5792896-39A3-4670-ACE2-4A6E96304D87}.Debug|x64.ActiveCfg = Debug|Any CPU
		{A5792896-39A3-4670-ACE2-4A6E96304D87}.Debug|x64.Build.0 = Debug|Any CPU
		{A5792896-39A3-4670-ACE2-4A6E96304D87}.Debug|x86.ActiveCfg = Debug|Any CPU
		{A5792896-39A3-4670-ACE2-4A6E96304D87}.Debug|x86.Build.0 = Debug|Any CPU
		{A5792896-39A3-4670-ACE2-4A6E96304D87}.Release|Any CPU.ActiveCfg = Release|Any CPU
		{A5792896-39A3-4670-ACE2-4A6E96304D87}.Release|Any CPU.Build.0 = Release|Any CPU
		{A5792896-39A3-4670-ACE2-4A6E96304D87}.Release|x64.ActiveCfg = Release|Any CPU
		{A5792896-39A3-4670-ACE2-4A6E96304D87}.Release|x64.Build.0 = Release|Any CPU
		{A5792896-39A3-4670-ACE2-4A6E96304D87}.Release|x86.ActiveCfg = Release|Any CPU
		{A5792896-39A3-4670-ACE2-4A6E96304D87}.Release|x86.Build.0 = Release|Any CPU
		{596D2B71-FF86-4929-B191-71699D32109E}.Debug|Any CPU.ActiveCfg = Debug|Any CPU
		{596D2B71-FF86-4929-B191-71699D32109E}.Debug|Any CPU.Build.0 = Debug|Any CPU
		{596D2B71-FF86-4929-B191-71699D32109E}.Debug|x64.ActiveCfg = Debug|Any CPU
		{596D2B71-FF86-4929-B191-71699D32109E}.Debug|x64.Build.0 = Debug|Any CPU
		{596D2B71-FF86-4929-B191-71699D32109E}.Debug|x86.ActiveCfg = Debug|Any CPU
		{596D2B71-FF86-4929-B191-71699D32109E}.Debug|x86.Build.0 = Debug|Any CPU
		{596D2B71-FF86-4929-B191-71699D32109E}.Release|Any CPU.ActiveCfg = Release|Any CPU
		{596D2B71-FF86-4929-B191-71699D32109E}.Release|Any CPU.Build.0 = Release|Any CPU
		{596D2B71-FF86-4929-B191-71699D32109E}.Release|x64.ActiveCfg = Release|Any CPU
		{596D2B71-FF86-4929-B191-71699D32109E}.Release|x64.Build.0 = Release|Any CPU
		{596D2B71-FF86-4929-B191-71699D32109E}.Release|x86.ActiveCfg = Release|Any CPU
		{596D2B71-FF86-4929-B191-71699D32109E}.Release|x86.Build.0 = Release|Any CPU
		{0FAC8317-A305-4FBD-8DA2-EE8C4E6EB9BB}.Debug|Any CPU.ActiveCfg = Debug|Any CPU
		{0FAC8317-A305-4FBD-8DA2-EE8C4E6EB9BB}.Debug|Any CPU.Build.0 = Debug|Any CPU
		{0FAC8317-A305-4FBD-8DA2-EE8C4E6EB9BB}.Debug|x64.ActiveCfg = Debug|Any CPU
		{0FAC8317-A305-4FBD-8DA2-EE8C4E6EB9BB}.Debug|x64.Build.0 = Debug|Any CPU
		{0FAC8317-A305-4FBD-8DA2-EE8C4E6EB9BB}.Debug|x86.ActiveCfg = Debug|Any CPU
		{0FAC8317-A305-4FBD-8DA2-EE8C4E6EB9BB}.Debug|x86.Build.0 = Debug|Any CPU
		{0FAC8317-A305-4FBD-8DA2-EE8C4E6EB9BB}.Release|Any CPU.ActiveCfg = Release|Any CPU
		{0FAC8317-A305-4FBD-8DA2-EE8C4E6EB9BB}.Release|Any CPU.Build.0 = Release|Any CPU
		{0FAC8317-A305-4FBD-8DA2-EE8C4E6EB9BB}.Release|x64.ActiveCfg = Release|Any CPU
		{0FAC8317-A305-4FBD-8DA2-EE8C4E6EB9BB}.Release|x64.Build.0 = Release|Any CPU
		{0FAC8317-A305-4FBD-8DA2-EE8C4E6EB9BB}.Release|x86.ActiveCfg = Release|Any CPU
		{0FAC8317-A305-4FBD-8DA2-EE8C4E6EB9BB}.Release|x86.Build.0 = Release|Any CPU
		{B62E77DF-0840-4797-84A6-610920367186}.Debug|Any CPU.ActiveCfg = Debug|Any CPU
		{B62E77DF-0840-4797-84A6-610920367186}.Debug|Any CPU.Build.0 = Debug|Any CPU
		{B62E77DF-0840-4797-84A6-610920367186}.Debug|x64.ActiveCfg = Debug|Any CPU
		{B62E77DF-0840-4797-84A6-610920367186}.Debug|x64.Build.0 = Debug|Any CPU
		{B62E77DF-0840-4797-84A6-610920367186}.Debug|x86.ActiveCfg = Debug|Any CPU
		{B62E77DF-0840-4797-84A6-610920367186}.Debug|x86.Build.0 = Debug|Any CPU
		{B62E77DF-0840-4797-84A6-610920367186}.Release|Any CPU.ActiveCfg = Release|Any CPU
		{B62E77DF-0840-4797-84A6-610920367186}.Release|Any CPU.Build.0 = Release|Any CPU
		{B62E77DF-0840-4797-84A6-610920367186}.Release|x64.ActiveCfg = Release|Any CPU
		{B62E77DF-0840-4797-84A6-610920367186}.Release|x64.Build.0 = Release|Any CPU
		{B62E77DF-0840-4797-84A6-610920367186}.Release|x86.ActiveCfg = Release|Any CPU
		{B62E77DF-0840-4797-84A6-610920367186}.Release|x86.Build.0 = Release|Any CPU
		{506B4A67-A8E8-4562-A7F4-63B5AAC83059}.Debug|Any CPU.ActiveCfg = Debug|Any CPU
		{506B4A67-A8E8-4562-A7F4-63B5AAC83059}.Debug|Any CPU.Build.0 = Debug|Any CPU
		{506B4A67-A8E8-4562-A7F4-63B5AAC83059}.Debug|x64.ActiveCfg = Debug|Any CPU
		{506B4A67-A8E8-4562-A7F4-63B5AAC83059}.Debug|x64.Build.0 = Debug|Any CPU
		{506B4A67-A8E8-4562-A7F4-63B5AAC83059}.Debug|x86.ActiveCfg = Debug|Any CPU
		{506B4A67-A8E8-4562-A7F4-63B5AAC83059}.Debug|x86.Build.0 = Debug|Any CPU
		{506B4A67-A8E8-4562-A7F4-63B5AAC83059}.Release|Any CPU.ActiveCfg = Release|Any CPU
		{506B4A67-A8E8-4562-A7F4-63B5AAC83059}.Release|Any CPU.Build.0 = Release|Any CPU
		{506B4A67-A8E8-4562-A7F4-63B5AAC83059}.Release|x64.ActiveCfg = Release|Any CPU
		{506B4A67-A8E8-4562-A7F4-63B5AAC83059}.Release|x64.Build.0 = Release|Any CPU
		{506B4A67-A8E8-4562-A7F4-63B5AAC83059}.Release|x86.ActiveCfg = Release|Any CPU
		{506B4A67-A8E8-4562-A7F4-63B5AAC83059}.Release|x86.Build.0 = Release|Any CPU
	EndGlobalSection
	GlobalSection(SolutionProperties) = preSolution
		HideSolutionNode = FALSE
	EndGlobalSection
	GlobalSection(NestedProjects) = preSolution
		{0EDC085F-6B2F-4A19-9AA1-5592ECD89C08} = {EC185F8A-BE84-4264-A9AD-39047E0B7AA7}
		{60F8939F-7AB2-4922-9BE4-0801839CCD40} = {661382E5-FA86-40AF-A491-B36607BCE9E4}
		{CD24D5DC-E5CD-4813-A375-0B3D86188788} = {661382E5-FA86-40AF-A491-B36607BCE9E4}
		{B298CDD9-861A-4FF4-B6A3-23F16C819C80} = {F451C599-5BFF-4514-B35F-FCE48DE7A7EA}
		{FC1CB754-EE1B-4215-ABFB-C97329A79BC9} = {3AA5F16B-1699-4507-B910-2F663C6DC607}
		{F4FDA2B8-92BD-4358-B4B0-3B65B88F740F} = {3AA5F16B-1699-4507-B910-2F663C6DC607}
		{4E98D4B3-E096-45A0-A015-D7F8933AF517} = {3AA5F16B-1699-4507-B910-2F663C6DC607}
		{799C086D-EBDD-4F9A-8166-326073595453} = {3AA5F16B-1699-4507-B910-2F663C6DC607}
		{0FB61EF0-99A1-47A2-A18E-81563614511E} = {80CDFE97-9482-4F06-9BE9-F7E3515F50D3}
		{FB63675C-9802-446D-A614-22BCA20E1457} = {80CDFE97-9482-4F06-9BE9-F7E3515F50D3}
		{25E8D425-3D4C-4439-8B48-B6E1F7F20D81} = {F451C599-5BFF-4514-B35F-FCE48DE7A7EA}
		{32C8D9DF-F313-4616-8A18-71E297FEA2C5} = {661382E5-FA86-40AF-A491-B36607BCE9E4}
		{FC987EE6-FBDA-484D-B0BE-7A794778EC10} = {2022290C-FA43-48F9-BA76-26996972490A}
		{781B5605-89DB-474D-8405-6222506ED7D8} = {2022290C-FA43-48F9-BA76-26996972490A}
		{4526B7A3-AC4A-4D00-90CD-F3E1F8D4EC5E} = {781B5605-89DB-474D-8405-6222506ED7D8}
		{34A5446D-C073-4FD7-8562-78B603B55C4F} = {3AA5F16B-1699-4507-B910-2F663C6DC607}
		{AE23CCC2-B7E8-4AEF-B710-3290066F15DC} = {80CDFE97-9482-4F06-9BE9-F7E3515F50D3}
		{A5792896-39A3-4670-ACE2-4A6E96304D87} = {80CDFE97-9482-4F06-9BE9-F7E3515F50D3}
		{596D2B71-FF86-4929-B191-71699D32109E} = {80CDFE97-9482-4F06-9BE9-F7E3515F50D3}
		{0FAC8317-A305-4FBD-8DA2-EE8C4E6EB9BB} = {80CDFE97-9482-4F06-9BE9-F7E3515F50D3}
		{B62E77DF-0840-4797-84A6-610920367186} = {80CDFE97-9482-4F06-9BE9-F7E3515F50D3}
		{506B4A67-A8E8-4562-A7F4-63B5AAC83059} = {3AA5F16B-1699-4507-B910-2F663C6DC607}
	EndGlobalSection
	GlobalSection(ExtensibilityGlobals) = postSolution
		SolutionGuid = {DC873B31-3E22-46F8-8476-62BF99F23C23}
	EndGlobalSection
EndGlobal
